
Microsoft Visual Studio Solution File, Format Version 12.00
# Visual Studio Version 17
VisualStudioVersion = 17.14.36310.24 d17.14
MinimumVisualStudioVersion = 10.0.40219.1
Project("{FAE04EC0-301F-11D3-BF4B-00C04F79EFBC}") = "ConsoleApp1", "ConsoleApp1\ConsoleApp1.csproj", "{CD342383-FF3C-440F-BA46-D64B2360A88A}"
EndProject
Global
	GlobalSection(SolutionConfigurationPlatforms) = preSolution
		Debug|Any CPU = Debug|Any CPU
		Release|Any CPU = Release|Any CPU
	EndGlobalSection
	GlobalSection(ProjectConfigurationPlatforms) = postSolution
		{CD342383-FF3C-440F-BA46-D64B2360A88A}.Debug|Any CPU.ActiveCfg = Debug|Any CPU
		{CD342383-FF3C-440F-BA46-D64B2360A88A}.Debug|Any CPU.Build.0 = Debug|Any CPU
		{CD342383-FF3C-440F-BA46-D64B2360A88A}.Release|Any CPU.ActiveCfg = Release|Any CPU
		{CD342383-FF3C-440F-BA46-D64B2360A88A}.Release|Any CPU.Build.0 = Release|Any CPU
	EndGlobalSection
	GlobalSection(SolutionProperties) = preSolution
		HideSolutionNode = FALSE
	EndGlobalSection
	GlobalSection(ExtensibilityGlobals) = postSolution
		SolutionGuid = {EBD893E9-7CCE-4D50-B603-039CD0C47418}
	EndGlobalSection
EndGlobal
